// !$*UTF8*$!
{
	archiveVersion = 1;
	classes = {
	};
	objectVersion = 46;
	objects = {

/* Begin PBXFileReference section */
		4AE930551A8A0FA00094BE7C /* Test.cpp */ = {isa = PBXFileReference; lastKnownFileType = sourcecode.cpp.cpp; path = Test.cpp; sourceTree = "<group>"; };
/* End PBXFileReference section */

/* Begin PBXGroup section */
		4AE9304E1A8A0F920094BE7C = {
			isa = PBXGroup;
			children = (
				4AE930551A8A0FA00094BE7C /* Test.cpp */,
			);
			sourceTree = "<group>";
		};
/* End PBXGroup section */

/* Begin PBXProject section */
		4AE9304F1A8A0F920094BE7C /* Project object */ = {
			isa = PBXProject;
			attributes = {
				LastUpgradeCheck = 0610;
			};
			buildConfigurationList = 4AE930521A8A0F920094BE7C /* Build configuration list for PBXProject "Biometrics" */;
			compatibilityVersion = "Xcode 3.2";
			developmentRegion = English;
			hasScannedForEncodings = 0;
			knownRegions = (
				en,
			);
			mainGroup = 4AE9304E1A8A0F920094BE7C;
			projectDirPath = "";
			projectRoot = "";
			targets = (
			);
		};
/* End PBXProject section */

/* Begin XCBuildConfiguration section */
		4AE930531A8A0F920094BE7C /* Debug */ = {
			isa = XCBuildConfiguration;
			buildSettings = {
			};
			name = Debug;
		};
		4AE930541A8A0F920094BE7C /* Release */ = {
			isa = XCBuildConfiguration;
			buildSettings = {
			};
			name = Release;
		};
/* End XCBuildConfiguration section */

/* Begin XCConfigurationList section */
		4AE930521A8A0F920094BE7C /* Build configuration list for PBXProject "Biometrics" */ = {
			isa = XCConfigurationList;
			buildConfigurations = (
				4AE930531A8A0F920094BE7C /* Debug */,
				4AE930541A8A0F920094BE7C /* Release */,
			);
			defaultConfigurationIsVisible = 0;
			defaultConfigurationName = Release;
		};
/* End XCConfigurationList section */
	};
	rootObject = 4AE9304F1A8A0F920094BE7C /* Project object */;
}
